// !$*UTF8*$!
{
	archiveVersion = 1;
	classes = {
	};
	objectVersion = 50;
	objects = {

/* Begin PBXBuildFile section */
		75F02F7023C3C2FD000CEB2F /* AppDelegate.swift in Sources */ = {isa = PBXBuildFile; fileRef = 75F02F6F23C3C2FD000CEB2F /* AppDelegate.swift */; };
		75F02F7223C3C2FD000CEB2F /* SceneDelegate.swift in Sources */ = {isa = PBXBuildFile; fileRef = 75F02F7123C3C2FD000CEB2F /* SceneDelegate.swift */; };
		75F02F7423C3C2FD000CEB2F /* ViewController.swift in Sources */ = {isa = PBXBuildFile; fileRef = 75F02F7323C3C2FD000CEB2F /* ViewController.swift */; };
		75F02F7723C3C2FD000CEB2F /* Main.storyboard in Resources */ = {isa = PBXBuildFile; fileRef = 75F02F7523C3C2FD000CEB2F /* Main.storyboard */; };
		75F02F7A23C3C2FD000CEB2F /* BandsInTown_E.xcdatamodeld in Sources */ = {isa = PBXBuildFile; fileRef = 75F02F7823C3C2FD000CEB2F /* BandsInTown_E.xcdatamodeld */; };
		75F02F7C23C3C300000CEB2F /* Assets.xcassets in Resources */ = {isa = PBXBuildFile; fileRef = 75F02F7B23C3C300000CEB2F /* Assets.xcassets */; };
		75F02F7F23C3C300000CEB2F /* LaunchScreen.storyboard in Resources */ = {isa = PBXBuildFile; fileRef = 75F02F7D23C3C300000CEB2F /* LaunchScreen.storyboard */; };
/* End PBXBuildFile section */

/* Begin PBXFileReference section */
		75F02F6C23C3C2FD000CEB2F /* BandsInTown_E.app */ = {isa = PBXFileReference; explicitFileType = wrapper.application; includeInIndex = 0; path = BandsInTown_E.app; sourceTree = BUILT_PRODUCTS_DIR; };
		75F02F6F23C3C2FD000CEB2F /* AppDelegate.swift */ = {isa = PBXFileReference; lastKnownFileType = sourcecode.swift; path = AppDelegate.swift; sourceTree = "<group>"; };
		75F02F7123C3C2FD000CEB2F /* SceneDelegate.swift */ = {isa = PBXFileReference; lastKnownFileType = sourcecode.swift; path = SceneDelegate.swift; sourceTree = "<group>"; };
		75F02F7323C3C2FD000CEB2F /* ViewController.swift */ = {isa = PBXFileReference; lastKnownFileType = sourcecode.swift; path = ViewController.swift; sourceTree = "<group>"; };
		75F02F7623C3C2FD000CEB2F /* Base */ = {isa = PBXFileReference; lastKnownFileType = file.storyboard; name = Base; path = Base.lproj/Main.storyboard; sourceTree = "<group>"; };
		75F02F7923C3C2FD000CEB2F /* BandsInTown_E.xcdatamodel */ = {isa = PBXFileReference; lastKnownFileType = wrapper.xcdatamodel; path = BandsInTown_E.xcdatamodel; sourceTree = "<group>"; };
		75F02F7B23C3C300000CEB2F /* Assets.xcassets */ = {isa = PBXFileReference; lastKnownFileType = folder.assetcatalog; path = Assets.xcassets; sourceTree = "<group>"; };
		75F02F7E23C3C300000CEB2F /* Base */ = {isa = PBXFileReference; lastKnownFileType = file.storyboard; name = Base; path = Base.lproj/LaunchScreen.storyboard; sourceTree = "<group>"; };
		75F02F8023C3C300000CEB2F /* Info.plist */ = {isa = PBXFileReference; lastKnownFileType = text.plist.xml; path = Info.plist; sourceTree = "<group>"; };
/* End PBXFileReference section */

/* Begin PBXFrameworksBuildPhase section */
		75F02F6923C3C2FD000CEB2F /* Frameworks */ = {
			isa = PBXFrameworksBuildPhase;
			buildActionMask = 2147483647;
			files = (
			);
			runOnlyForDeploymentPostprocessing = 0;
		};
/* End PBXFrameworksBuildPhase section */

/* Begin PBXGroup section */
		75F02F6323C3C2FD000CEB2F = {
			isa = PBXGroup;
			children = (
				75F02F6E23C3C2FD000CEB2F /* BandsInTown_E */,
				75F02F6D23C3C2FD000CEB2F /* Products */,
			);
			sourceTree = "<group>";
		};
		75F02F6D23C3C2FD000CEB2F /* Products */ = {
			isa = PBXGroup;
			children = (
				75F02F6C23C3C2FD000CEB2F /* BandsInTown_E.app */,
			);
			name = Products;
			sourceTree = "<group>";
		};
		75F02F6E23C3C2FD000CEB2F /* BandsInTown_E */ = {
			isa = PBXGroup;
			children = (
				75F02F6F23C3C2FD000CEB2F /* AppDelegate.swift */,
				75F02F7123C3C2FD000CEB2F /* SceneDelegate.swift */,
				75F02F7323C3C2FD000CEB2F /* ViewController.swift */,
				75F02F7523C3C2FD000CEB2F /* Main.storyboard */,
				75F02F7B23C3C300000CEB2F /* Assets.xcassets */,
				75F02F7D23C3C300000CEB2F /* LaunchScreen.storyboard */,
				75F02F8023C3C300000CEB2F /* Info.plist */,
				75F02F7823C3C2FD000CEB2F /* BandsInTown_E.xcdatamodeld */,
			);
			path = BandsInTown_E;
			sourceTree = "<group>";
		};
/* End PBXGroup section */

/* Begin PBXNativeTarget section */
		75F02F6B23C3C2FD000CEB2F /* BandsInTown_E */ = {
			isa = PBXNativeTarget;
			buildConfigurationList = 75F02F8323C3C300000CEB2F /* Build configuration list for PBXNativeTarget "BandsInTown_E" */;
			buildPhases = (
				75F02F6823C3C2FD000CEB2F /* Sources */,
				75F02F6923C3C2FD000CEB2F /* Frameworks */,
				75F02F6A23C3C2FD000CEB2F /* Resources */,
			);
			buildRules = (
			);
			dependencies = (
			);
			name = BandsInTown_E;
			productName = BandsInTown_E;
			productReference = 75F02F6C23C3C2FD000CEB2F /* BandsInTown_E.app */;
			productType = "com.apple.product-type.application";
		};
/* End PBXNativeTarget section */

/* Begin PBXProject section */
		75F02F6423C3C2FD000CEB2F /* Project object */ = {
			isa = PBXProject;
			attributes = {
				LastSwiftUpdateCheck = 1130;
				LastUpgradeCheck = 1130;
				ORGANIZATIONNAME = "Andrei Costin";
				TargetAttributes = {
					75F02F6B23C3C2FD000CEB2F = {
						CreatedOnToolsVersion = 11.3;
					};
				};
			};
			buildConfigurationList = 75F02F6723C3C2FD000CEB2F /* Build configuration list for PBXProject "BandsInTown_E" */;
			compatibilityVersion = "Xcode 9.3";
			developmentRegion = en;
			hasScannedForEncodings = 0;
			knownRegions = (
				en,
				Base,
			);
			mainGroup = 75F02F6323C3C2FD000CEB2F;
			productRefGroup = 75F02F6D23C3C2FD000CEB2F /* Products */;
			projectDirPath = "";
			projectRoot = "";
			targets = (
				75F02F6B23C3C2FD000CEB2F /* BandsInTown_E */,
			);
		};
/* End PBXProject section */

/* Begin PBXResourcesBuildPhase section */
		75F02F6A23C3C2FD000CEB2F /* Resources */ = {
			isa = PBXResourcesBuildPhase;
			buildActionMask = 2147483647;
			files = (
				75F02F7F23C3C300000CEB2F /* LaunchScreen.storyboard in Resources */,
				75F02F7C23C3C300000CEB2F /* Assets.xcassets in Resources */,
				75F02F7723C3C2FD000CEB2F /* Main.storyboard in Resources */,
			);
			runOnlyForDeploymentPostprocessing = 0;
		};
/* End PBXResourcesBuildPhase section */

/* Begin PBXSourcesBuildPhase section */
		75F02F6823C3C2FD000CEB2F /* Sources */ = {
			isa = PBXSourcesBuildPhase;
			buildActionMask = 2147483647;
			files = (
				75F02F7423C3C2FD000CEB2F /* ViewController.swift in Sources */,
				75F02F7A23C3C2FD000CEB2F /* BandsInTown_E.xcdatamodeld in Sources */,
				75F02F7023C3C2FD000CEB2F /* AppDelegate.swift in Sources */,
				75F02F7223C3C2FD000CEB2F /* SceneDelegate.swift in Sources */,
			);
			runOnlyForDeploymentPostprocessing = 0;
		};
/* End PBXSourcesBuildPhase section */

/* Begin PBXVariantGroup section */
		75F02F7523C3C2FD000CEB2F /* Main.storyboard */ = {
			isa = PBXVariantGroup;
			children = (
				75F02F7623C3C2FD000CEB2F /* Base */,
			);
			name = Main.storyboard;
			sourceTree = "<group>";
		};
		75F02F7D23C3C300000CEB2F /* LaunchScreen.storyboard */ = {
			isa = PBXVariantGroup;
			children = (
				75F02F7E23C3C300000CEB2F /* Base */,
			);
			name = LaunchScreen.storyboard;
			sourceTree = "<group>";
		};
/* End PBXVariantGroup section */

/* Begin XCBuildConfiguration section */
		75F02F8123C3C300000CEB2F /* Debug */ = {
			isa = XCBuildConfiguration;
			buildSettings = {
				ALWAYS_SEARCH_USER_PATHS = NO;
				CLANG_ANALYZER_NONNULL = YES;
				CLANG_ANALYZER_NUMBER_OBJECT_CONVERSION = YES_AGGRESSIVE;
				CLANG_CXX_LANGUAGE_STANDARD = "gnu++14";
				CLANG_CXX_LIBRARY = "libc++";
				CLANG_ENABLE_MODULES = YES;
				CLANG_ENABLE_OBJC_ARC = YES;
				CLANG_ENABLE_OBJC_WEAK = YES;
				CLANG_WARN_BLOCK_CAPTURE_AUTORELEASING = YES;
				CLANG_WARN_BOOL_CONVERSION = YES;
				CLANG_WARN_COMMA = YES;
				CLANG_WARN_CONSTANT_CONVERSION = YES;
				CLANG_WARN_DEPRECATED_OBJC_IMPLEMENTATIONS = YES;
				CLANG_WARN_DIRECT_OBJC_ISA_USAGE = YES_ERROR;
				CLANG_WARN_DOCUMENTATION_COMMENTS = YES;
				CLANG_WARN_EMPTY_BODY = YES;
				CLANG_WARN_ENUM_CONVERSION = YES;
				CLANG_WARN_INFINITE_RECURSION = YES;
				CLANG_WARN_INT_CONVERSION = YES;
				CLANG_WARN_NON_LITERAL_NULL_CONVERSION = YES;
				CLANG_WARN_OBJC_IMPLICIT_RETAIN_SELF = YES;
				CLANG_WARN_OBJC_LITERAL_CONVERSION = YES;
				CLANG_WARN_OBJC_ROOT_CLASS = YES_ERROR;
				CLANG_WARN_RANGE_LOOP_ANALYSIS = YES;
				CLANG_WARN_STRICT_PROTOTYPES = YES;
				CLANG_WARN_SUSPICIOUS_MOVE = YES;
				CLANG_WARN_UNGUARDED_AVAILABILITY = YES_AGGRESSIVE;
				CLANG_WARN_UNREACHABLE_CODE = YES;
				CLANG_WARN__DUPLICATE_METHOD_MATCH = YES;
				COPY_PHASE_STRIP = NO;
				DEBUG_INFORMATION_FORMAT = dwarf;
				ENABLE_STRICT_OBJC_MSGSEND = YES;
				ENABLE_TESTABILITY = YES;
				GCC_C_LANGUAGE_STANDARD = gnu11;
				GCC_DYNAMIC_NO_PIC = NO;
				GCC_NO_COMMON_BLOCKS = YES;
				GCC_OPTIMIZATION_LEVEL = 0;
				GCC_PREPROCESSOR_DEFINITIONS = (
					"DEBUG=1",
					"$(inherited)",
				);
				GCC_WARN_64_TO_32_BIT_CONVERSION = YES;
				GCC_WARN_ABOUT_RETURN_TYPE = YES_ERROR;
				GCC_WARN_UNDECLARED_SELECTOR = YES;
				GCC_WARN_UNINITIALIZED_AUTOS = YES_AGGRESSIVE;
				GCC_WARN_UNUSED_FUNCTION = YES;
				GCC_WARN_UNUSED_VARIABLE = YES;
				IPHONEOS_DEPLOYMENT_TARGET = 13.2;
				MTL_ENABLE_DEBUG_INFO = INCLUDE_SOURCE;
				MTL_FAST_MATH = YES;
				ONLY_ACTIVE_ARCH = YES;
				SDKROOT = iphoneos;
				SWIFT_ACTIVE_COMPILATION_CONDITIONS = DEBUG;
				SWIFT_OPTIMIZATION_LEVEL = "-Onone";
			};
			name = Debug;
		};
		75F02F8223C3C300000CEB2F /* Release */ = {
			isa = XCBuildConfiguration;
			buildSettings = {
				ALWAYS_SEARCH_USER_PATHS = NO;
				CLANG_ANALYZER_NONNULL = YES;
				CLANG_ANALYZER_NUMBER_OBJECT_CONVERSION = YES_AGGRESSIVE;
				CLANG_CXX_LANGUAGE_STANDARD = "gnu++14";
				CLANG_CXX_LIBRARY = "libc++";
				CLANG_ENABLE_MODULES = YES;
				CLANG_ENABLE_OBJC_ARC = YES;
				CLANG_ENABLE_OBJC_WEAK = YES;
				CLANG_WARN_BLOCK_CAPTURE_AUTORELEASING = YES;
				CLANG_WARN_BOOL_CONVERSION = YES;
				CLANG_WARN_COMMA = YES;
				CLANG_WARN_CONSTANT_CONVERSION = YES;
				CLANG_WARN_DEPRECATED_OBJC_IMPLEMENTATIONS = YES;
				CLANG_WARN_DIRECT_OBJC_ISA_USAGE = YES_ERROR;
				CLANG_WARN_DOCUMENTATION_COMMENTS = YES;
				CLANG_WARN_EMPTY_BODY = YES;
				CLANG_WARN_ENUM_CONVERSION = YES;
				CLANG_WARN_INFINITE_RECURSION = YES;
				CLANG_WARN_INT_CONVERSION = YES;
				CLANG_WARN_NON_LITERAL_NULL_CONVERSION = YES;
				CLANG_WARN_OBJC_IMPLICIT_RETAIN_SELF = YES;
				CLANG_WARN_OBJC_LITERAL_CONVERSION = YES;
				CLANG_WARN_OBJC_ROOT_CLASS = YES_ERROR;
				CLANG_WARN_RANGE_LOOP_ANALYSIS = YES;
				CLANG_WARN_STRICT_PROTOTYPES = YES;
				CLANG_WARN_SUSPICIOUS_MOVE = YES;
				CLANG_WARN_UNGUARDED_AVAILABILITY = YES_AGGRESSIVE;
				CLANG_WARN_UNREACHABLE_CODE = YES;
				CLANG_WARN__DUPLICATE_METHOD_MATCH = YES;
				COPY_PHASE_STRIP = NO;
				DEBUG_INFORMATION_FORMAT = "dwarf-with-dsym";
				ENABLE_NS_ASSERTIONS = NO;
				ENABLE_STRICT_OBJC_MSGSEND = YES;
				GCC_C_LANGUAGE_STANDARD = gnu11;
				GCC_NO_COMMON_BLOCKS = YES;
				GCC_WARN_64_TO_32_BIT_CONVERSION = YES;
				GCC_WARN_ABOUT_RETURN_TYPE = YES_ERROR;
				GCC_WARN_UNDECLARED_SELECTOR = YES;
				GCC_WARN_UNINITIALIZED_AUTOS = YES_AGGRESSIVE;
				GCC_WARN_UNUSED_FUNCTION = YES;
				GCC_WARN_UNUSED_VARIABLE = YES;
				IPHONEOS_DEPLOYMENT_TARGET = 13.2;
				MTL_ENABLE_DEBUG_INFO = NO;
				MTL_FAST_MATH = YES;
				SDKROOT = iphoneos;
				SWIFT_COMPILATION_MODE = wholemodule;
				SWIFT_OPTIMIZATION_LEVEL = "-O";
				VALIDATE_PRODUCT = YES;
			};
			name = Release;
		};
		75F02F8423C3C300000CEB2F /* Debug */ = {
			isa = XCBuildConfiguration;
			buildSettings = {
				ASSETCATALOG_COMPILER_APPICON_NAME = AppIcon;
				CODE_SIGN_STYLE = Automatic;
				DEVELOPMENT_TEAM = DCCP73RJX3;
				INFOPLIST_FILE = BandsInTown_E/Info.plist;
				LD_RUNPATH_SEARCH_PATHS = (
					"$(inherited)",
					"@executable_path/Frameworks",
				);
				PRODUCT_BUNDLE_IDENTIFIER = "com.costin..BandsInTown-E";
				PRODUCT_NAME = "$(TARGET_NAME)";
				SWIFT_VERSION = 5.0;
				TARGETED_DEVICE_FAMILY = "1,2";
			};
			name = Debug;
		};
		75F02F8523C3C300000CEB2F /* Release */ = {
			isa = XCBuildConfiguration;
			buildSettings = {
				ASSETCATALOG_COMPILER_APPICON_NAME = AppIcon;
				CODE_SIGN_STYLE = Automatic;
				DEVELOPMENT_TEAM = DCCP73RJX3;
				INFOPLIST_FILE = BandsInTown_E/Info.plist;
				LD_RUNPATH_SEARCH_PATHS = (
					"$(inherited)",
					"@executable_path/Frameworks",
				);
				PRODUCT_BUNDLE_IDENTIFIER = "com.costin..BandsInTown-E";
				PRODUCT_NAME = "$(TARGET_NAME)";
				SWIFT_VERSION = 5.0;
				TARGETED_DEVICE_FAMILY = "1,2";
			};
			name = Release;
		};
/* End XCBuildConfiguration section */

/* Begin XCConfigurationList section */
		75F02F6723C3C2FD000CEB2F /* Build configuration list for PBXProject "BandsInTown_E" */ = {
			isa = XCConfigurationList;
			buildConfigurations = (
				75F02F8123C3C300000CEB2F /* Debug */,
				75F02F8223C3C300000CEB2F /* Release */,
			);
			defaultConfigurationIsVisible = 0;
			defaultConfigurationName = Release;
		};
		75F02F8323C3C300000CEB2F /* Build configuration list for PBXNativeTarget "BandsInTown_E" */ = {
			isa = XCConfigurationList;
			buildConfigurations = (
				75F02F8423C3C300000CEB2F /* Debug */,
				75F02F8523C3C300000CEB2F /* Release */,
			);
			defaultConfigurationIsVisible = 0;
			defaultConfigurationName = Release;
		};
/* End XCConfigurationList section */

/* Begin XCVersionGroup section */
		75F02F7823C3C2FD000CEB2F /* BandsInTown_E.xcdatamodeld */ = {
			isa = XCVersionGroup;
			children = (
				75F02F7923C3C2FD000CEB2F /* BandsInTown_E.xcdatamodel */,
			);
			currentVersion = 75F02F7923C3C2FD000CEB2F /* BandsInTown_E.xcdatamodel */;
			path = BandsInTown_E.xcdatamodeld;
			sourceTree = "<group>";
			versionGroupType = wrapper.xcdatamodel;
		};
/* End XCVersionGroup section */
	};
	rootObject = 75F02F6423C3C2FD000CEB2F /* Project object */;
}
